
Microsoft Visual Studio Solution File, Format Version 12.00
# Visual Studio Version 17
VisualStudioVersion = 17.1.32210.238
MinimumVisualStudioVersion = 10.0.40219.1
Project("{9A19103F-16F7-4668-BE54-9A1E7A4F7556}") = "FirstProgram", "FirstProgram\FirstProgram.csproj", "{57709113-CBD1-4B6B-A628-CA00148AD680}"
EndProject
Project("{9A19103F-16F7-4668-BE54-9A1E7A4F7556}") = "ClassLibrary1", "ClassLibrary1\ClassLibrary1.csproj", "{09C29492-0D1C-4E34-8212-A74ACE502D05}"
EndProject
Project("{9A19103F-16F7-4668-BE54-9A1E7A4F7556}") = "DeclarationAndAssigment", "DeclarationAndAssigment\DeclarationAndAssigment.csproj", "{E94E8DAE-1BAF-4DB2-AFFD-FC9A908C582A}"
EndProject
Project("{9A19103F-16F7-4668-BE54-9A1E7A4F7556}") = "Operators", "Operators\Operators.csproj", "{E46918C8-89D0-45AD-9323-DBFDFED8BEDA}"
EndProject
Project("{9A19103F-16F7-4668-BE54-9A1E7A4F7556}") = "BasicFlow", "BasicFlow\BasicFlow.csproj", "{8DD43C89-0C65-4B3E-A8EB-4449B0069490}"
EndProject
Project("{9A19103F-16F7-4668-BE54-9A1E7A4F7556}") = "Array", "Array\Array.csproj", "{62176E63-8790-4E64-A7DE-DFCD5777910C}"
EndProject
Project("{9A19103F-16F7-4668-BE54-9A1E7A4F7556}") = "StringAndDateTime", "StringAndDateTime\StringAndDateTime.csproj", "{898FFC75-4027-4562-A82D-6F81A748DFEE}"
EndProject
Project("{9A19103F-16F7-4668-BE54-9A1E7A4F7556}") = "OtherFeatures", "OtherFeatures\OtherFeatures.csproj", "{6DB5FA25-74FD-48E1-87B0-2F1A57E2D5CA}"
EndProject
Project("{9A19103F-16F7-4668-BE54-9A1E7A4F7556}") = "BasicOOP", "BasicOOP\BasicOOP.csproj", "{10F84E61-A5FC-4AB1-8C99-132B5D8E6E91}"
EndProject
Project("{9A19103F-16F7-4668-BE54-9A1E7A4F7556}") = "AdvanceOOP", "AdvanceOOP\AdvanceOOP.csproj", "{2ADA3F97-D2DD-47A6-88F1-A7C0A2976129}"
EndProject
Project("{9A19103F-16F7-4668-BE54-9A1E7A4F7556}") = "Exception1", "Exception\Exception1.csproj", "{CE16A1B3-C808-4649-96E5-32F0901A9625}"
EndProject
Project("{9A19103F-16F7-4668-BE54-9A1E7A4F7556}") = "GenericAndCollection", "GenericAndCollection\GenericAndCollection.csproj", "{4C2B22ED-03FA-4DE3-98E2-80839B9B9E80}"
EndProject
Project("{FAE04EC0-301F-11D3-BF4B-00C04F79EFBC}") = "Concurrency", "Concurrency\Concurrency.csproj", "{B560440B-BC9E-450F-ABD5-4DF5C62B186D}"
EndProject
Global
	GlobalSection(SolutionConfigurationPlatforms) = preSolution
		Debug|Any CPU = Debug|Any CPU
		Release|Any CPU = Release|Any CPU
	EndGlobalSection
	GlobalSection(ProjectConfigurationPlatforms) = postSolution
		{57709113-CBD1-4B6B-A628-CA00148AD680}.Debug|Any CPU.ActiveCfg = Debug|Any CPU
		{57709113-CBD1-4B6B-A628-CA00148AD680}.Debug|Any CPU.Build.0 = Debug|Any CPU
		{57709113-CBD1-4B6B-A628-CA00148AD680}.Release|Any CPU.ActiveCfg = Release|Any CPU
		{57709113-CBD1-4B6B-A628-CA00148AD680}.Release|Any CPU.Build.0 = Release|Any CPU
		{09C29492-0D1C-4E34-8212-A74ACE502D05}.Debug|Any CPU.ActiveCfg = Debug|Any CPU
		{09C29492-0D1C-4E34-8212-A74ACE502D05}.Debug|Any CPU.Build.0 = Debug|Any CPU
		{09C29492-0D1C-4E34-8212-A74ACE502D05}.Release|Any CPU.ActiveCfg = Release|Any CPU
		{09C29492-0D1C-4E34-8212-A74ACE502D05}.Release|Any CPU.Build.0 = Release|Any CPU
		{E94E8DAE-1BAF-4DB2-AFFD-FC9A908C582A}.Debug|Any CPU.ActiveCfg = Debug|Any CPU
		{E94E8DAE-1BAF-4DB2-AFFD-FC9A908C582A}.Debug|Any CPU.Build.0 = Debug|Any CPU
		{E94E8DAE-1BAF-4DB2-AFFD-FC9A908C582A}.Release|Any CPU.ActiveCfg = Release|Any CPU
		{E94E8DAE-1BAF-4DB2-AFFD-FC9A908C582A}.Release|Any CPU.Build.0 = Release|Any CPU
		{E46918C8-89D0-45AD-9323-DBFDFED8BEDA}.Debug|Any CPU.ActiveCfg = Debug|Any CPU
		{E46918C8-89D0-45AD-9323-DBFDFED8BEDA}.Debug|Any CPU.Build.0 = Debug|Any CPU
		{E46918C8-89D0-45AD-9323-DBFDFED8BEDA}.Release|Any CPU.ActiveCfg = Release|Any CPU
		{E46918C8-89D0-45AD-9323-DBFDFED8BEDA}.Release|Any CPU.Build.0 = Release|Any CPU
		{8DD43C89-0C65-4B3E-A8EB-4449B0069490}.Debug|Any CPU.ActiveCfg = Debug|Any CPU
		{8DD43C89-0C65-4B3E-A8EB-4449B0069490}.Debug|Any CPU.Build.0 = Debug|Any CPU
		{8DD43C89-0C65-4B3E-A8EB-4449B0069490}.Release|Any CPU.ActiveCfg = Release|Any CPU
		{8DD43C89-0C65-4B3E-A8EB-4449B0069490}.Release|Any CPU.Build.0 = Release|Any CPU
		{62176E63-8790-4E64-A7DE-DFCD5777910C}.Debug|Any CPU.ActiveCfg = Debug|Any CPU
		{62176E63-8790-4E64-A7DE-DFCD5777910C}.Debug|Any CPU.Build.0 = Debug|Any CPU
		{62176E63-8790-4E64-A7DE-DFCD5777910C}.Release|Any CPU.ActiveCfg = Release|Any CPU
		{62176E63-8790-4E64-A7DE-DFCD5777910C}.Release|Any CPU.Build.0 = Release|Any CPU
		{898FFC75-4027-4562-A82D-6F81A748DFEE}.Debug|Any CPU.ActiveCfg = Debug|Any CPU
		{898FFC75-4027-4562-A82D-6F81A748DFEE}.Debug|Any CPU.Build.0 = Debug|Any CPU
		{898FFC75-4027-4562-A82D-6F81A748DFEE}.Release|Any CPU.ActiveCfg = Release|Any CPU
		{898FFC75-4027-4562-A82D-6F81A748DFEE}.Release|Any CPU.Build.0 = Release|Any CPU
		{6DB5FA25-74FD-48E1-87B0-2F1A57E2D5CA}.Debug|Any CPU.ActiveCfg = Debug|Any CPU
		{6DB5FA25-74FD-48E1-87B0-2F1A57E2D5CA}.Debug|Any CPU.Build.0 = Debug|Any CPU
		{6DB5FA25-74FD-48E1-87B0-2F1A57E2D5CA}.Release|Any CPU.ActiveCfg = Release|Any CPU
		{6DB5FA25-74FD-48E1-87B0-2F1A57E2D5CA}.Release|Any CPU.Build.0 = Release|Any CPU
		{10F84E61-A5FC-4AB1-8C99-132B5D8E6E91}.Debug|Any CPU.ActiveCfg = Debug|Any CPU
		{10F84E61-A5FC-4AB1-8C99-132B5D8E6E91}.Debug|Any CPU.Build.0 = Debug|Any CPU
		{10F84E61-A5FC-4AB1-8C99-132B5D8E6E91}.Release|Any CPU.ActiveCfg = Release|Any CPU
		{10F84E61-A5FC-4AB1-8C99-132B5D8E6E91}.Release|Any CPU.Build.0 = Release|Any CPU
		{2ADA3F97-D2DD-47A6-88F1-A7C0A2976129}.Debug|Any CPU.ActiveCfg = Debug|Any CPU
		{2ADA3F97-D2DD-47A6-88F1-A7C0A2976129}.Debug|Any CPU.Build.0 = Debug|Any CPU
		{2ADA3F97-D2DD-47A6-88F1-A7C0A2976129}.Release|Any CPU.ActiveCfg = Release|Any CPU
		{2ADA3F97-D2DD-47A6-88F1-A7C0A2976129}.Release|Any CPU.Build.0 = Release|Any CPU
		{CE16A1B3-C808-4649-96E5-32F0901A9625}.Debug|Any CPU.ActiveCfg = Debug|Any CPU
		{CE16A1B3-C808-4649-96E5-32F0901A9625}.Debug|Any CPU.Build.0 = Debug|Any CPU
		{CE16A1B3-C808-4649-96E5-32F0901A9625}.Release|Any CPU.ActiveCfg = Release|Any CPU
		{CE16A1B3-C808-4649-96E5-32F0901A9625}.Release|Any CPU.Build.0 = Release|Any CPU
		{4C2B22ED-03FA-4DE3-98E2-80839B9B9E80}.Debug|Any CPU.ActiveCfg = Debug|Any CPU
		{4C2B22ED-03FA-4DE3-98E2-80839B9B9E80}.Debug|Any CPU.Build.0 = Debug|Any CPU
		{4C2B22ED-03FA-4DE3-98E2-80839B9B9E80}.Release|Any CPU.ActiveCfg = Release|Any CPU
		{4C2B22ED-03FA-4DE3-98E2-80839B9B9E80}.Release|Any CPU.Build.0 = Release|Any CPU
		{B560440B-BC9E-450F-ABD5-4DF5C62B186D}.Debug|Any CPU.ActiveCfg = Debug|Any CPU
		{B560440B-BC9E-450F-ABD5-4DF5C62B186D}.Debug|Any CPU.Build.0 = Debug|Any CPU
		{B560440B-BC9E-450F-ABD5-4DF5C62B186D}.Release|Any CPU.ActiveCfg = Release|Any CPU
		{B560440B-BC9E-450F-ABD5-4DF5C62B186D}.Release|Any CPU.Build.0 = Release|Any CPU
	EndGlobalSection
	GlobalSection(SolutionProperties) = preSolution
		HideSolutionNode = FALSE
	EndGlobalSection
	GlobalSection(ExtensibilityGlobals) = postSolution
		SolutionGuid = {91021A15-981E-4BD8-9FA1-A0703D81BA49}
	EndGlobalSection
EndGlobal
